
Microsoft Visual Studio Solution File, Format Version 12.00
# Visual Studio Version 17
VisualStudioVersion = 17.11.35312.102
MinimumVisualStudioVersion = 10.0.40219.1
Project("{FAE04EC0-301F-11D3-BF4B-00C04F79EFBC}") = "Invoice.Mobile", "Invoice.Mobile\Invoice.Mobile.csproj", "{7126C6DF-F760-42FC-A3E5-98855715942C}"
EndProject
Project("{FAE04EC0-301F-11D3-BF4B-00C04F79EFBC}") = "Invoice.WebApp", "Invoice.WebApp\Invoice.WebApp.csproj", "{D938E624-759D-4CF9-B9E7-C2E4FCF74962}"
EndProject
Global
	GlobalSection(SolutionConfigurationPlatforms) = preSolution
		Debug|Any CPU = Debug|Any CPU
		Release|Any CPU = Release|Any CPU
	EndGlobalSection
	GlobalSection(ProjectConfigurationPlatforms) = postSolution
		{7126C6DF-F760-42FC-A3E5-98855715942C}.Debug|Any CPU.ActiveCfg = Debug|Any CPU
		{7126C6DF-F760-42FC-A3E5-98855715942C}.Debug|Any CPU.Build.0 = Debug|Any CPU
		{7126C6DF-F760-42FC-A3E5-98855715942C}.Debug|Any CPU.Deploy.0 = Debug|Any CPU
		{7126C6DF-F760-42FC-A3E5-98855715942C}.Release|Any CPU.ActiveCfg = Release|Any CPU
		{7126C6DF-F760-42FC-A3E5-98855715942C}.Release|Any CPU.Build.0 = Release|Any CPU
		{7126C6DF-F760-42FC-A3E5-98855715942C}.Release|Any CPU.Deploy.0 = Release|Any CPU
		{D938E624-759D-4CF9-B9E7-C2E4FCF74962}.Debug|Any CPU.ActiveCfg = Debug|Any CPU
		{D938E624-759D-4CF9-B9E7-C2E4FCF74962}.Debug|Any CPU.Build.0 = Debug|Any CPU
		{D938E624-759D-4CF9-B9E7-C2E4FCF74962}.Release|Any CPU.ActiveCfg = Release|Any CPU
		{D938E624-759D-4CF9-B9E7-C2E4FCF74962}.Release|Any CPU.Build.0 = Release|Any CPU
	EndGlobalSection
	GlobalSection(SolutionProperties) = preSolution
		HideSolutionNode = FALSE
	EndGlobalSection
	GlobalSection(ExtensibilityGlobals) = postSolution
		SolutionGuid = {71E9591C-CE66-4ADD-8C6B-E58A59F947E2}
	EndGlobalSection
EndGlobal
